{
  "name": "siros-postgres",
  "version": "1.7.1",
  "lockfileVersion": 3,
  "requires": true,
  "packages": {
    "": {
      "name": "siros-postgres",
      "version": "1.7.1",
      "hasInstallScript": true,
      "license": "MIT",
      "engines": {
        "node": "20.16.0"
      }
    }
  }
}
